
Microsoft Visual Studio Solution File, Format Version 12.00
# Visual Studio Version 17
VisualStudioVersion = 17.4.33213.308
MinimumVisualStudioVersion = 10.0.40219.1
Project("{FAE04EC0-301F-11D3-BF4B-00C04F79EFBC}") = "DPC.Web", "DPC.Web\DPC.Web.csproj", "{5174DE28-15B0-46E6-8738-902D30B8E7EB}"
EndProject
Global
	GlobalSection(SolutionConfigurationPlatforms) = preSolution
		Debug|Any CPU = Debug|Any CPU
		Release|Any CPU = Release|Any CPU
	EndGlobalSection
	GlobalSection(ProjectConfigurationPlatforms) = postSolution
		{5174DE28-15B0-46E6-8738-902D30B8E7EB}.Debug|Any CPU.ActiveCfg = Debug|Any CPU
		{5174DE28-15B0-46E6-8738-902D30B8E7EB}.Debug|Any CPU.Build.0 = Debug|Any CPU
		{5174DE28-15B0-46E6-8738-902D30B8E7EB}.Release|Any CPU.ActiveCfg = Release|Any CPU
		{5174DE28-15B0-46E6-8738-902D30B8E7EB}.Release|Any CPU.Build.0 = Release|Any CPU
	EndGlobalSection
	GlobalSection(SolutionProperties) = preSolution
		HideSolutionNode = FALSE
	EndGlobalSection
	GlobalSection(ExtensibilityGlobals) = postSolution
		SolutionGuid = {B2B35385-8534-41C0-8079-80A2933421AF}
	EndGlobalSection
EndGlobal
